
Microsoft Visual Studio Solution File, Format Version 12.00
# Visual Studio Version 16
VisualStudioVersion = 16.0.30413.136
MinimumVisualStudioVersion = 10.0.40219.1
Project("{E24C65DC-7377-472B-9ABA-BC803B73C61A}") = "timereport", "http://localhost/timereport", "{894F246B-FC26-453B-9718-209D6CA45CE2}"
	ProjectSection(WebsiteProperties) = preProject
		UseIISExpress = "false"
		TargetFrameworkMoniker = ".NETFramework,Version%3Dv4.5"
		Debug.AspNetCompiler.VirtualPath = "/timereport"
		Debug.AspNetCompiler.PhysicalPath = "..\timereport\"
		Debug.AspNetCompiler.TargetPath = "PrecompiledWeb\timereport\"
		Debug.AspNetCompiler.Updateable = "true"
		Debug.AspNetCompiler.ForceOverwrite = "true"
		Debug.AspNetCompiler.FixedNames = "false"
		Debug.AspNetCompiler.Debug = "True"
		Release.AspNetCompiler.VirtualPath = "/timereport"
		Release.AspNetCompiler.PhysicalPath = "..\timereport\"
		Release.AspNetCompiler.TargetPath = "PrecompiledWeb\timereport\"
		Release.AspNetCompiler.Updateable = "true"
		Release.AspNetCompiler.ForceOverwrite = "true"
		Release.AspNetCompiler.FixedNames = "false"
		Release.AspNetCompiler.Debug = "False"
		SlnRelativePath = "..\timereport\"
	EndProjectSection
EndProject
Global
	GlobalSection(SolutionConfigurationPlatforms) = preSolution
		Debug|Any CPU = Debug|Any CPU
	EndGlobalSection
	GlobalSection(ProjectConfigurationPlatforms) = postSolution
		{894F246B-FC26-453B-9718-209D6CA45CE2}.Debug|Any CPU.ActiveCfg = Debug|Any CPU
		{894F246B-FC26-453B-9718-209D6CA45CE2}.Debug|Any CPU.Build.0 = Debug|Any CPU
	EndGlobalSection
	GlobalSection(SolutionProperties) = preSolution
		HideSolutionNode = FALSE
	EndGlobalSection
	GlobalSection(ExtensibilityGlobals) = postSolution
		SolutionGuid = {E5A6545D-9C90-4B28-93C0-EF731929FE96}
	EndGlobalSection
EndGlobal
